<?xml version="1.0" encoding="utf-8"?>
<Project ToolsVersion="4.0" xmlns="http://schemas.microsoft.com/developer/msbuild/2003">
  <ItemGroup>
    <Filter Include="소스 파일">
      <UniqueIdentifier>{4FC737F1-C7A5-4376-A066-2A32D752A2FF}</UniqueIdentifier>
      <Extensions>cpp;c;cc;cxx;def;odl;idl;hpj;bat;asm;asmx</Extensions>
    </Filter>
    <Filter Include="헤더 파일">
      <UniqueIdentifier>{93995380-89BD-4b04-88EB-625FBE52EBFB}</UniqueIdentifier>
      <Extensions>h;hh;hpp;hxx;hm;inl;inc;xsd</Extensions>
    </Filter>
    <Filter Include="리소스 파일">
      <UniqueIdentifier>{67DA6AB6-F800-4c08-8B7A-83BB121AAD01}</UniqueIdentifier>
      <Extensions>rc;ico;cur;bmp;dlg;rc2;rct;bin;rgs;gif;jpg;jpeg;jpe;resx;tiff;tif;png;wav;mfcribbon-ms</Extensions>
    </Filter>
  </ItemGroup>
  <ItemGroup>
    <ClCompile Include="1.템플릿 형식 연혁.cpp">
      <Filter>소스 파일</Filter>
    </ClCompile>
    <ClCompile Include="2.auto의 형식 연혁.cpp">
      <Filter>소스 파일</Filter>
    </ClCompile>
    <ClCompile Include="3.decltype의 작동 방식.cpp">
      <Filter>소스 파일</Filter>
    </ClCompile>
    <ClCompile Include="4연역된 형식을 파악하는 방법.cpp">
      <Filter>소스 파일</Filter>
    </ClCompile>
    <ClCompile Include="5.auto를 선호하라.cpp">
      <Filter>소스 파일</Filter>
    </ClCompile>
    <ClCompile Include="6.auto가 원치 않는 형식으로 연역될때.cpp">
      <Filter>소스 파일</Filter>
    </ClCompile>
    <ClCompile Include="7.객체 생성 시 괄호와 중괄호를 구분하라.cpp">
      <Filter>소스 파일</Filter>
    </ClCompile>
    <ClCompile Include="8.0과 NULL보다 nullptr를 선호하라.cpp">
      <Filter>소스 파일</Filter>
    </ClCompile>
    <ClCompile Include="9.typedef보다 별칭선언을 선호하라.cpp">
      <Filter>소스 파일</Filter>
    </ClCompile>
    <ClCompile Include="10.범위 있는 enum을 선호하라.cpp">
      <Filter>소스 파일</Filter>
    </ClCompile>
    <ClCompile Include="11.정의되지 않은 비공개 함수봐다 삭제된 함수를 선호하라.cpp">
      <Filter>소스 파일</Filter>
    </ClCompile>
    <ClCompile Include="12.재정의 함수들은 override로 선언하라.cpp">
      <Filter>소스 파일</Filter>
    </ClCompile>
    <ClCompile Include="13.const_iterator를 선호하라.cpp">
      <Filter>소스 파일</Filter>
    </ClCompile>
    <ClCompile Include="14.예외를 방출하지 않을 함수는 noexcept로 선언하라.cpp">
      <Filter>소스 파일</Filter>
    </ClCompile>
    <ClCompile Include="15.가능하면 constexpr을 사용하라.cpp">
      <Filter>소스 파일</Filter>
    </ClCompile>
    <ClCompile Include="16.const 멤버 함수를 스레드에 안전하게 작성하라.cpp">
      <Filter>소스 파일</Filter>
    </ClCompile>
    <ClCompile Include="17.특수 멤버 함수들의 자동 작성 조건을 숙지하라.cpp">
      <Filter>소스 파일</Filter>
    </ClCompile>
    <ClCompile Include="18.소유권 독점 자원의 관리에는 unique_ptr를 사용하라.cpp">
      <Filter>소스 파일</Filter>
    </ClCompile>
    <ClCompile Include="19.소유 공유 자원의 관리에는 shared_ptr을 사용하라.cpp">
      <Filter>소스 파일</Filter>
    </ClCompile>
    <ClCompile Include="20.shared_ptr처럼 작동하되 대상을 잃을 수도 있는 포인터가 필요하면 weak_ptr을 사용하라.cpp">
      <Filter>소스 파일</Filter>
    </ClCompile>
    <ClCompile Include="21.new를 직접사용하는것 보다 make_unique와 make_shared를 선호하라.cpp">
      <Filter>소스 파일</Filter>
    </ClCompile>
    <ClCompile Include="22.pimp 관용구를 사용할때에는 특수 멤버함수들을 구현파일에 정의하라.cpp">
      <Filter>소스 파일</Filter>
    </ClCompile>
    <ClCompile Include="23.move와 forward를 숙지하라.cpp">
      <Filter>소스 파일</Filter>
    </ClCompile>
    <ClCompile Include="24.보편 참조와 오른값 참조를 구별하라.cpp">
      <Filter>소스 파일</Filter>
    </ClCompile>
    <ClCompile Include="25.오른값 참조에는 move, 보편참조에는 forward를 사용하라.cpp">
      <Filter>소스 파일</Filter>
    </ClCompile>
    <ClCompile Include="26.보편 참조에 대한 중복적재를 피하라.cpp">
      <Filter>소스 파일</Filter>
    </ClCompile>
    <ClCompile Include="27.보편 참조에 대한 중복적재 대신 사용할 수 있는 기법들을 알아 두라.cpp">
      <Filter>소스 파일</Filter>
    </ClCompile>
    <ClCompile Include="28.참조 축약을 숙지하라.cpp">
      <Filter>소스 파일</Filter>
    </ClCompile>
    <ClCompile Include="29.이동 연산이 존재하지 않고, 저렴하지 않고, 적용되지 않는다고 가정하라.cpp">
      <Filter>소스 파일</Filter>
    </ClCompile>
    <ClCompile Include="30.완벽 전달이 실패하는 경우를 숙지하라.cpp">
      <Filter>소스 파일</Filter>
    </ClCompile>
    <ClCompile Include="31.기본 갈무리 모드를 피하라.cpp">
      <Filter>소스 파일</Filter>
    </ClCompile>
    <ClCompile Include="32.객체를 클로저 안으로 이동하려면 초기화 갈무리를 사용하라.cpp">
      <Filter>소스 파일</Filter>
    </ClCompile>
    <ClCompile Include="33.forward를 통해서 전달할 auto(더블래퍼런스)매개변수에는 decltype을 사용하라.cpp">
      <Filter>소스 파일</Filter>
    </ClCompile>
    <ClCompile Include="34.bind보다 람다를 선호하라.cpp">
      <Filter>소스 파일</Filter>
    </ClCompile>
  </ItemGroup>
</Project>